
Microsoft Visual Studio Solution File, Format Version 12.00
# Visual Studio 15
VisualStudioVersion = 15.0.27428.1
MinimumVisualStudioVersion = 10.0.40219.1
Project("{FAE04EC0-301F-11D3-BF4B-00C04F79EFBC}") = "OS_Snake", "OS_Snake\OS_Snake.csproj", "{8A0C3F3A-C8E3-4647-8707-712F4F008D26}"
EndProject
Project("{54435603-DBB4-11D2-8724-00A0C9A8B90C}") = "OS_Snake Setup", "OS_Snake Setup\OS_Snake Setup.vdproj", "{B888F69F-2C8A-45F6-86BD-ADEA5B0D67E0}"
EndProject
Global
	GlobalSection(SolutionConfigurationPlatforms) = preSolution
		Debug|Any CPU = Debug|Any CPU
		Release|Any CPU = Release|Any CPU
	EndGlobalSection
	GlobalSection(ProjectConfigurationPlatforms) = postSolution
		{8A0C3F3A-C8E3-4647-8707-712F4F008D26}.Debug|Any CPU.ActiveCfg = Debug|Any CPU
		{8A0C3F3A-C8E3-4647-8707-712F4F008D26}.Debug|Any CPU.Build.0 = Debug|Any CPU
		{8A0C3F3A-C8E3-4647-8707-712F4F008D26}.Release|Any CPU.ActiveCfg = Release|Any CPU
		{8A0C3F3A-C8E3-4647-8707-712F4F008D26}.Release|Any CPU.Build.0 = Release|Any CPU
		{B888F69F-2C8A-45F6-86BD-ADEA5B0D67E0}.Debug|Any CPU.ActiveCfg = Debug
		{B888F69F-2C8A-45F6-86BD-ADEA5B0D67E0}.Release|Any CPU.ActiveCfg = Release
	EndGlobalSection
	GlobalSection(SolutionProperties) = preSolution
		HideSolutionNode = FALSE
	EndGlobalSection
	GlobalSection(ExtensibilityGlobals) = postSolution
		SolutionGuid = {A13E60AD-E577-435D-BF53-4DFCE48F1EDD}
	EndGlobalSection
EndGlobal
